
Microsoft Visual Studio Solution File, Format Version 12.00
# Visual Studio Version 17
VisualStudioVersion = 17.7.34031.279
MinimumVisualStudioVersion = 10.0.40219.1
Project("{FAE04EC0-301F-11D3-BF4B-00C04F79EFBC}") = "TotalScore", "TotalScore\TotalScore.csproj", "{D854B16C-D9A4-445F-94CC-F79E52BE5728}"
EndProject
Global
	GlobalSection(SolutionConfigurationPlatforms) = preSolution
		Debug|Any CPU = Debug|Any CPU
		Release|Any CPU = Release|Any CPU
	EndGlobalSection
	GlobalSection(ProjectConfigurationPlatforms) = postSolution
		{D854B16C-D9A4-445F-94CC-F79E52BE5728}.Debug|Any CPU.ActiveCfg = Debug|Any CPU
		{D854B16C-D9A4-445F-94CC-F79E52BE5728}.Debug|Any CPU.Build.0 = Debug|Any CPU
		{D854B16C-D9A4-445F-94CC-F79E52BE5728}.Release|Any CPU.ActiveCfg = Release|Any CPU
		{D854B16C-D9A4-445F-94CC-F79E52BE5728}.Release|Any CPU.Build.0 = Release|Any CPU
	EndGlobalSection
	GlobalSection(SolutionProperties) = preSolution
		HideSolutionNode = FALSE
	EndGlobalSection
	GlobalSection(ExtensibilityGlobals) = postSolution
		SolutionGuid = {FF7058E6-0670-43E4-8275-BEAA6DADBAD5}
	EndGlobalSection
EndGlobal
